
Microsoft Visual Studio Solution File, Format Version 12.00
# Visual Studio Version 17
VisualStudioVersion = 17.10.35027.167
MinimumVisualStudioVersion = 10.0.40219.1
Project("{FAE04EC0-301F-11D3-BF4B-00C04F79EFBC}") = "VerificaGitHub", "VerificaGitHub\VerificaGitHub.csproj", "{86B5F280-D4E6-47D2-849B-A3DB2C571CBD}"
EndProject
Global
	GlobalSection(SolutionConfigurationPlatforms) = preSolution
		Debug|Any CPU = Debug|Any CPU
		Release|Any CPU = Release|Any CPU
	EndGlobalSection
	GlobalSection(ProjectConfigurationPlatforms) = postSolution
		{86B5F280-D4E6-47D2-849B-A3DB2C571CBD}.Debug|Any CPU.ActiveCfg = Debug|Any CPU
		{86B5F280-D4E6-47D2-849B-A3DB2C571CBD}.Debug|Any CPU.Build.0 = Debug|Any CPU
		{86B5F280-D4E6-47D2-849B-A3DB2C571CBD}.Release|Any CPU.ActiveCfg = Release|Any CPU
		{86B5F280-D4E6-47D2-849B-A3DB2C571CBD}.Release|Any CPU.Build.0 = Release|Any CPU
	EndGlobalSection
	GlobalSection(SolutionProperties) = preSolution
		HideSolutionNode = FALSE
	EndGlobalSection
	GlobalSection(ExtensibilityGlobals) = postSolution
		SolutionGuid = {9D01AD99-F08F-4986-BDEF-C93D8A5EE3E0}
	EndGlobalSection
EndGlobal
